
Microsoft Visual Studio Solution File, Format Version 12.00
# Visual Studio Version 16
VisualStudioVersion = 16.0.32929.386
MinimumVisualStudioVersion = 10.0.40219.1
Project("{9A19103F-16F7-4668-BE54-9A1E7A4F7556}") = "LuceneProject", "LuceneProject.csproj", "{960F0253-38CB-402D-8285-2A17A6ECA7FD}"
EndProject
Project("{FAE04EC0-301F-11D3-BF4B-00C04F79EFBC}") = "Server", "..\Server\Server.csproj", "{D593B6F8-DA57-4A1A-B925-1A2FC5653DC9}"
EndProject
Project("{FAE04EC0-301F-11D3-BF4B-00C04F79EFBC}") = "Common", "..\Common\Common.csproj", "{C9FF4005-4832-4AEC-BD92-B42F52EB6AE5}"
EndProject
Global
	GlobalSection(SolutionConfigurationPlatforms) = preSolution
		Debug|Any CPU = Debug|Any CPU
		Release|Any CPU = Release|Any CPU
	EndGlobalSection
	GlobalSection(ProjectConfigurationPlatforms) = postSolution
		{960F0253-38CB-402D-8285-2A17A6ECA7FD}.Debug|Any CPU.ActiveCfg = Debug|Any CPU
		{960F0253-38CB-402D-8285-2A17A6ECA7FD}.Debug|Any CPU.Build.0 = Debug|Any CPU
		{960F0253-38CB-402D-8285-2A17A6ECA7FD}.Release|Any CPU.ActiveCfg = Release|Any CPU
		{960F0253-38CB-402D-8285-2A17A6ECA7FD}.Release|Any CPU.Build.0 = Release|Any CPU
		{D593B6F8-DA57-4A1A-B925-1A2FC5653DC9}.Debug|Any CPU.ActiveCfg = Debug|Any CPU
		{D593B6F8-DA57-4A1A-B925-1A2FC5653DC9}.Debug|Any CPU.Build.0 = Debug|Any CPU
		{D593B6F8-DA57-4A1A-B925-1A2FC5653DC9}.Release|Any CPU.ActiveCfg = Release|Any CPU
		{D593B6F8-DA57-4A1A-B925-1A2FC5653DC9}.Release|Any CPU.Build.0 = Release|Any CPU
		{C9FF4005-4832-4AEC-BD92-B42F52EB6AE5}.Debug|Any CPU.ActiveCfg = Debug|Any CPU
		{C9FF4005-4832-4AEC-BD92-B42F52EB6AE5}.Debug|Any CPU.Build.0 = Debug|Any CPU
		{C9FF4005-4832-4AEC-BD92-B42F52EB6AE5}.Release|Any CPU.ActiveCfg = Release|Any CPU
		{C9FF4005-4832-4AEC-BD92-B42F52EB6AE5}.Release|Any CPU.Build.0 = Release|Any CPU
	EndGlobalSection
	GlobalSection(SolutionProperties) = preSolution
		HideSolutionNode = FALSE
	EndGlobalSection
	GlobalSection(ExtensibilityGlobals) = postSolution
		SolutionGuid = {DF9E90B9-C025-464A-9F5A-D07CB03F0C37}
	EndGlobalSection
EndGlobal
